
Microsoft Visual Studio Solution File, Format Version 12.00
# Visual Studio 2012
Project("{E24C65DC-7377-472B-9ABA-BC803B73C61A}") = "FlintstonesSiteStart", "..\..\..\..\Desktop\FlintstonesSiteStart\FlintstonesSiteStart\", "{35BC6F6C-7899-413E-B1B7-20F2A9FFF874}"
	ProjectSection(WebsiteProperties) = preProject
		TargetFrameworkMoniker = ".NETFramework,Version%3Dv4.0"
		Debug.AspNetCompiler.VirtualPath = "/FlintstonesSiteStart"
		Debug.AspNetCompiler.PhysicalPath = "..\..\..\..\Desktop\FlintstonesSiteStart\FlintstonesSiteStart\"
		Debug.AspNetCompiler.TargetPath = "PrecompiledWeb\FlintstonesSiteStart\"
		Debug.AspNetCompiler.Updateable = "true"
		Debug.AspNetCompiler.ForceOverwrite = "true"
		Debug.AspNetCompiler.FixedNames = "false"
		Debug.AspNetCompiler.Debug = "True"
		Release.AspNetCompiler.VirtualPath = "/FlintstonesSiteStart"
		Release.AspNetCompiler.PhysicalPath = "..\..\..\..\Desktop\FlintstonesSiteStart\FlintstonesSiteStart\"
		Release.AspNetCompiler.TargetPath = "PrecompiledWeb\FlintstonesSiteStart\"
		Release.AspNetCompiler.Updateable = "true"
		Release.AspNetCompiler.ForceOverwrite = "true"
		Release.AspNetCompiler.FixedNames = "false"
		Release.AspNetCompiler.Debug = "False"
		VWDPort = "49446"
	EndProjectSection
EndProject
Global
	GlobalSection(SolutionConfigurationPlatforms) = preSolution
		Debug|Any CPU = Debug|Any CPU
	EndGlobalSection
	GlobalSection(ProjectConfigurationPlatforms) = postSolution
		{35BC6F6C-7899-413E-B1B7-20F2A9FFF874}.Debug|Any CPU.ActiveCfg = Debug|Any CPU
		{35BC6F6C-7899-413E-B1B7-20F2A9FFF874}.Debug|Any CPU.Build.0 = Debug|Any CPU
	EndGlobalSection
	GlobalSection(SolutionProperties) = preSolution
		HideSolutionNode = FALSE
	EndGlobalSection
EndGlobal
